{
  "version": 1,
  "dependencies": {
    "net9.0": {
      "AngleSharp": {
        "type": "Direct",
        "requested": "[1.7.0, )",
        "resolved": "1.7.0",
        "contentHash": "v1R++46dblGRBo2/fKFUfgtZOaFnDGQhqBM0AarxgZSJuumj1e1vexBbjlTv2hx3Olr3qeoJa2yUoWyv5fuJ5A=="
      },
      "Markdig": {
        "type": "Direct",
        "requested": "[1.1.2, )",
        "resolved": "1.1.2",
        "contentHash": "mXh6Ah5p/jtryn7o96B2knDDJVgZ775HnFLObcVxuyWcfeHlsI95WUjiJH0m7ZOYGdCLvwRTwMhv023jUZoEAA=="
      },
      "Spectre.Console": {
        "type": "Direct",
        "requested": "[0.56.0, )",
        "resolved": "0.56.0",
        "contentHash": "ail4U9yR02kKtaOQl0k/bMid/UkujehsYLa8DsYpsmioYkJYmHIWh5us5HTskP74yYcBLcmdTcxBUpNgg2EwZg==",
        "dependencies": {
          "Spectre.Console.Ansi": "0.56.0"
        }
      },
      "Spectre.Console.Ansi": {
        "type": "Transitive",
        "resolved": "0.56.0",
        "contentHash": "AAvLsqrwOrKQQ2mKQ02VUN2s90C758ZlDHVjHZ1MfGgd7+vELPayS/j8nTppEAXd1+JHQQjpey/bMGjbmpMmNg=="
      }
    }
  }
}